
Microsoft Visual Studio Solution File, Format Version 12.00
# Visual Studio Version 17
VisualStudioVersion = 17.4.33213.308
MinimumVisualStudioVersion = 10.0.40219.1
Project("{FAE04EC0-301F-11D3-BF4B-00C04F79EFBC}") = "L4E3_LFVV_1244416", "L4E3_LFVV_1244416\L4E3_LFVV_1244416.csproj", "{000CD99F-FD11-4ABD-8030-69B06FEF8EE7}"
EndProject
Global
	GlobalSection(SolutionConfigurationPlatforms) = preSolution
		Debug|Any CPU = Debug|Any CPU
		Release|Any CPU = Release|Any CPU
	EndGlobalSection
	GlobalSection(ProjectConfigurationPlatforms) = postSolution
		{000CD99F-FD11-4ABD-8030-69B06FEF8EE7}.Debug|Any CPU.ActiveCfg = Debug|Any CPU
		{000CD99F-FD11-4ABD-8030-69B06FEF8EE7}.Debug|Any CPU.Build.0 = Debug|Any CPU
		{000CD99F-FD11-4ABD-8030-69B06FEF8EE7}.Release|Any CPU.ActiveCfg = Release|Any CPU
		{000CD99F-FD11-4ABD-8030-69B06FEF8EE7}.Release|Any CPU.Build.0 = Release|Any CPU
	EndGlobalSection
	GlobalSection(SolutionProperties) = preSolution
		HideSolutionNode = FALSE
	EndGlobalSection
	GlobalSection(ExtensibilityGlobals) = postSolution
		SolutionGuid = {3C2FAE95-7B5F-4C79-8A1E-1A9EEB1B97ED}
	EndGlobalSection
EndGlobal
